// !$*UTF8*$!
{
	archiveVersion = 1;
	classes = {
	};
	objectVersion = 77;
	objects = {

/* Begin PBXBuildFile section */
		099A38D52DD1C9CB007562AD /* Intents.framework in Frameworks */ = {isa = PBXBuildFile; fileRef = 099A38D42DD1C9CA007562AD /* Intents.framework */; };
		099A38DC2DD1C9CB007562AD /* SaleinMotionIntent.appex in Embed Foundation Extensions */ = {isa = PBXBuildFile; fileRef = 099A38D22DD1C9CA007562AD /* SaleinMotionIntent.appex */; settings = {ATTRIBUTES = (RemoveHeadersOnCopy, ); }; };
/* End PBXBuildFile section */

/* Begin PBXContainerItemProxy section */
		099A38DA2DD1C9CB007562AD /* PBXContainerItemProxy */ = {
			isa = PBXContainerItemProxy;
			containerPortal = 099A38AD2DD1C917007562AD /* Project object */;
			proxyType = 1;
			remoteGlobalIDString = 099A38D12DD1C9CA007562AD;
			remoteInfo = SaleinMotionIntent;
		};
/* End PBXContainerItemProxy section */

/* Begin PBXCopyFilesBuildPhase section */
		099A38E12DD1C9CB007562AD /* Embed Foundation Extensions */ = {
			isa = PBXCopyFilesBuildPhase;
			buildActionMask = 2147483647;
			dstPath = "";
			dstSubfolderSpec = 13;
			files = (
				099A38DC2DD1C9CB007562AD /* SaleinMotionIntent.appex in Embed Foundation Extensions */,
			);
			name = "Embed Foundation Extensions";
			runOnlyForDeploymentPostprocessing = 0;
		};
/* End PBXCopyFilesBuildPhase section */

/* Begin PBXFileReference section */
		099A38B52DD1C917007562AD /* Sales in Motion.app */ = {isa = PBXFileReference; explicitFileType = wrapper.application; includeInIndex = 0; path = "Sales in Motion.app"; sourceTree = BUILT_PRODUCTS_DIR; };
		099A38D22DD1C9CA007562AD /* SaleinMotionIntent.appex */ = {isa = PBXFileReference; explicitFileType = "wrapper.app-extension"; includeInIndex = 0; path = SaleinMotionIntent.appex; sourceTree = BUILT_PRODUCTS_DIR; };
		099A38D42DD1C9CA007562AD /* Intents.framework */ = {isa = PBXFileReference; lastKnownFileType = wrapper.framework; name = Intents.framework; path = System/Library/Frameworks/Intents.framework; sourceTree = SDKROOT; };
/* End PBXFileReference section */

/* Begin PBXFileSystemSynchronizedBuildFileExceptionSet section */
		099A38C72DD1C919007562AD /* Exceptions for "Sales in Motion" folder in "Sales in Motion" target */ = {
			isa = PBXFileSystemSynchronizedBuildFileExceptionSet;
			membershipExceptions = (
				Info.plist,
			);
			target = 099A38B42DD1C917007562AD /* Sales in Motion */;
		};
		099A38E02DD1C9CB007562AD /* Exceptions for "SaleinMotionIntent" folder in "SaleinMotionIntent" target */ = {
			isa = PBXFileSystemSynchronizedBuildFileExceptionSet;
			membershipExceptions = (
				Info.plist,
			);
			target = 099A38D12DD1C9CA007562AD /* SaleinMotionIntent */;
		};
		099A38E52DD1CA29007562AD /* Exceptions for "Sales in Motion" folder in "SaleinMotionIntent" target */ = {
			isa = PBXFileSystemSynchronizedBuildFileExceptionSet;
			membershipExceptions = (
				SaleInMotion.intentdefinition,
			);
			target = 099A38D12DD1C9CA007562AD /* SaleinMotionIntent */;
		};
/* End PBXFileSystemSynchronizedBuildFileExceptionSet section */

/* Begin PBXFileSystemSynchronizedRootGroup section */
		099A38B72DD1C917007562AD /* Sales in Motion */ = {
			isa = PBXFileSystemSynchronizedRootGroup;
			exceptions = (
				099A38C72DD1C919007562AD /* Exceptions for "Sales in Motion" folder in "Sales in Motion" target */,
				099A38E52DD1CA29007562AD /* Exceptions for "Sales in Motion" folder in "SaleinMotionIntent" target */,
			);
			path = "Sales in Motion";
			sourceTree = "<group>";
		};
		099A38D62DD1C9CB007562AD /* SaleinMotionIntent */ = {
			isa = PBXFileSystemSynchronizedRootGroup;
			exceptions = (
				099A38E02DD1C9CB007562AD /* Exceptions for "SaleinMotionIntent" folder in "SaleinMotionIntent" target */,
			);
			path = SaleinMotionIntent;
			sourceTree = "<group>";
		};
/* End PBXFileSystemSynchronizedRootGroup section */

/* Begin PBXFrameworksBuildPhase section */
		099A38B22DD1C917007562AD /* Frameworks */ = {
			isa = PBXFrameworksBuildPhase;
			buildActionMask = 2147483647;
			files = (
			);
			runOnlyForDeploymentPostprocessing = 0;
		};
		099A38CF2DD1C9CA007562AD /* Frameworks */ = {
			isa = PBXFrameworksBuildPhase;
			buildActionMask = 2147483647;
			files = (
				099A38D52DD1C9CB007562AD /* Intents.framework in Frameworks */,
			);
			runOnlyForDeploymentPostprocessing = 0;
		};
/* End PBXFrameworksBuildPhase section */

/* Begin PBXGroup section */
		099A38AC2DD1C917007562AD = {
			isa = PBXGroup;
			children = (
				099A38B72DD1C917007562AD /* Sales in Motion */,
				099A38D62DD1C9CB007562AD /* SaleinMotionIntent */,
				099A38D32DD1C9CA007562AD /* Frameworks */,
				099A38B62DD1C917007562AD /* Products */,
			);
			sourceTree = "<group>";
		};
		099A38B62DD1C917007562AD /* Products */ = {
			isa = PBXGroup;
			children = (
				099A38B52DD1C917007562AD /* Sales in Motion.app */,
				099A38D22DD1C9CA007562AD /* SaleinMotionIntent.appex */,
			);
			name = Products;
			sourceTree = "<group>";
		};
		099A38D32DD1C9CA007562AD /* Frameworks */ = {
			isa = PBXGroup;
			children = (
				099A38D42DD1C9CA007562AD /* Intents.framework */,
			);
			name = Frameworks;
			sourceTree = "<group>";
		};
/* End PBXGroup section */

/* Begin PBXNativeTarget section */
		099A38B42DD1C917007562AD /* Sales in Motion */ = {
			isa = PBXNativeTarget;
			buildConfigurationList = 099A38C82DD1C919007562AD /* Build configuration list for PBXNativeTarget "Sales in Motion" */;
			buildPhases = (
				099A38B12DD1C917007562AD /* Sources */,
				099A38B22DD1C917007562AD /* Frameworks */,
				099A38B32DD1C917007562AD /* Resources */,
				099A38E12DD1C9CB007562AD /* Embed Foundation Extensions */,
			);
			buildRules = (
			);
			dependencies = (
				099A38DB2DD1C9CB007562AD /* PBXTargetDependency */,
			);
			fileSystemSynchronizedGroups = (
				099A38B72DD1C917007562AD /* Sales in Motion */,
			);
			name = "Sales in Motion";
			packageProductDependencies = (
			);
			productName = "Sales in Motion";
			productReference = 099A38B52DD1C917007562AD /* Sales in Motion.app */;
			productType = "com.apple.product-type.application";
		};
		099A38D12DD1C9CA007562AD /* SaleinMotionIntent */ = {
			isa = PBXNativeTarget;
			buildConfigurationList = 099A38DD2DD1C9CB007562AD /* Build configuration list for PBXNativeTarget "SaleinMotionIntent" */;
			buildPhases = (
				099A38CE2DD1C9CA007562AD /* Sources */,
				099A38CF2DD1C9CA007562AD /* Frameworks */,
				099A38D02DD1C9CA007562AD /* Resources */,
			);
			buildRules = (
			);
			dependencies = (
			);
			fileSystemSynchronizedGroups = (
				099A38D62DD1C9CB007562AD /* SaleinMotionIntent */,
			);
			name = SaleinMotionIntent;
			packageProductDependencies = (
			);
			productName = SaleinMotionIntent;
			productReference = 099A38D22DD1C9CA007562AD /* SaleinMotionIntent.appex */;
			productType = "com.apple.product-type.app-extension";
		};
/* End PBXNativeTarget section */

/* Begin PBXProject section */
		099A38AD2DD1C917007562AD /* Project object */ = {
			isa = PBXProject;
			attributes = {
				BuildIndependentTargetsInParallel = 1;
				LastSwiftUpdateCheck = 1610;
				LastUpgradeCheck = 1610;
				TargetAttributes = {
					099A38B42DD1C917007562AD = {
						CreatedOnToolsVersion = 16.1;
					};
					099A38D12DD1C9CA007562AD = {
						CreatedOnToolsVersion = 16.1;
					};
				};
			};
			buildConfigurationList = 099A38B02DD1C917007562AD /* Build configuration list for PBXProject "Sales in Motion" */;
			developmentRegion = en;
			hasScannedForEncodings = 0;
			knownRegions = (
				en,
				Base,
			);
			mainGroup = 099A38AC2DD1C917007562AD;
			minimizedProjectReferenceProxies = 1;
			preferredProjectObjectVersion = 77;
			productRefGroup = 099A38B62DD1C917007562AD /* Products */;
			projectDirPath = "";
			projectRoot = "";
			targets = (
				099A38B42DD1C917007562AD /* Sales in Motion */,
				099A38D12DD1C9CA007562AD /* SaleinMotionIntent */,
			);
		};
/* End PBXProject section */

/* Begin PBXResourcesBuildPhase section */
		099A38B32DD1C917007562AD /* Resources */ = {
			isa = PBXResourcesBuildPhase;
			buildActionMask = 2147483647;
			files = (
			);
			runOnlyForDeploymentPostprocessing = 0;
		};
		099A38D02DD1C9CA007562AD /* Resources */ = {
			isa = PBXResourcesBuildPhase;
			buildActionMask = 2147483647;
			files = (
			);
			runOnlyForDeploymentPostprocessing = 0;
		};
/* End PBXResourcesBuildPhase section */

/* Begin PBXSourcesBuildPhase section */
		099A38B12DD1C917007562AD /* Sources */ = {
			isa = PBXSourcesBuildPhase;
			buildActionMask = 2147483647;
			files = (
			);
			runOnlyForDeploymentPostprocessing = 0;
		};
		099A38CE2DD1C9CA007562AD /* Sources */ = {
			isa = PBXSourcesBuildPhase;
			buildActionMask = 2147483647;
			files = (
			);
			runOnlyForDeploymentPostprocessing = 0;
		};
/* End PBXSourcesBuildPhase section */

/* Begin PBXTargetDependency section */
		099A38DB2DD1C9CB007562AD /* PBXTargetDependency */ = {
			isa = PBXTargetDependency;
			target = 099A38D12DD1C9CA007562AD /* SaleinMotionIntent */;
			targetProxy = 099A38DA2DD1C9CB007562AD /* PBXContainerItemProxy */;
		};
/* End PBXTargetDependency section */

/* Begin XCBuildConfiguration section */
		099A38C92DD1C919007562AD /* Debug */ = {
			isa = XCBuildConfiguration;
			buildSettings = {
				ASSETCATALOG_COMPILER_APPICON_NAME = AppIcon;
				ASSETCATALOG_COMPILER_GLOBAL_ACCENT_COLOR_NAME = AccentColor;
				CODE_SIGN_ENTITLEMENTS = "Sales in Motion/Sales in Motion.entitlements";
				CODE_SIGN_STYLE = Automatic;
				CURRENT_PROJECT_VERSION = 1;
				DEVELOPMENT_TEAM = PSZC886TA5;
				GENERATE_INFOPLIST_FILE = YES;
				INFOPLIST_FILE = "Sales in Motion/Info.plist";
				INFOPLIST_KEY_UIApplicationSupportsIndirectInputEvents = YES;
				INFOPLIST_KEY_UILaunchStoryboardName = LaunchScreen;
				INFOPLIST_KEY_UIMainStoryboardFile = Main;
				INFOPLIST_KEY_UISupportedInterfaceOrientations = UIInterfaceOrientationPortrait;
				IPHONEOS_DEPLOYMENT_TARGET = 15.6;
				LD_RUNPATH_SEARCH_PATHS = (
					"$(inherited)",
					"@executable_path/Frameworks",
				);
				MARKETING_VERSION = 1.0;
				PRODUCT_BUNDLE_IDENTIFIER = "com.genetum.xrun.Sales-in-Motion";
				PRODUCT_NAME = "$(TARGET_NAME)";
				SUPPORTED_PLATFORMS = "iphoneos iphonesimulator";
				SUPPORTS_MACCATALYST = NO;
				SUPPORTS_MAC_DESIGNED_FOR_IPHONE_IPAD = NO;
				SUPPORTS_XR_DESIGNED_FOR_IPHONE_IPAD = NO;
				SWIFT_EMIT_LOC_STRINGS = YES;
				SWIFT_VERSION = 5.0;
				TARGETED_DEVICE_FAMILY = "1,2";
			};
			name = Debug;
		};
		099A38CA2DD1C919007562AD /* Release */ = {
			isa = XCBuildConfiguration;
			buildSettings = {
				ASSETCATALOG_COMPILER_APPICON_NAME = AppIcon;
				ASSETCATALOG_COMPILER_GLOBAL_ACCENT_COLOR_NAME = AccentColor;
				CODE_SIGN_ENTITLEMENTS = "Sales in Motion/Sales in Motion.entitlements";
				CODE_SIGN_STYLE = Automatic;
				CURRENT_PROJECT_VERSION = 1;
				DEVELOPMENT_TEAM = PSZC886TA5;
				GENERATE_INFOPLIST_FILE = YES;
				INFOPLIST_FILE = "Sales in Motion/Info.plist";
				INFOPLIST_KEY_UIApplicationSupportsIndirectInputEvents = YES;
				INFOPLIST_KEY_UILaunchStoryboardName = LaunchScreen;
				INFOPLIST_KEY_UIMainStoryboardFile = Main;
				INFOPLIST_KEY_UISupportedInterfaceOrientations = UIInterfaceOrientationPortrait;
				IPHONEOS_DEPLOYMENT_TARGET = 15.6;
				LD_RUNPATH_SEARCH_PATHS = (
					"$(inherited)",
					"@executable_path/Frameworks",
				);
				MARKETING_VERSION = 1.0;
				PRODUCT_BUNDLE_IDENTIFIER = "com.genetum.xrun.Sales-in-Motion";
				PRODUCT_NAME = "$(TARGET_NAME)";
				SUPPORTED_PLATFORMS = "iphoneos iphonesimulator";
				SUPPORTS_MACCATALYST = NO;
				SUPPORTS_MAC_DESIGNED_FOR_IPHONE_IPAD = NO;
				SUPPORTS_XR_DESIGNED_FOR_IPHONE_IPAD = NO;
				SWIFT_EMIT_LOC_STRINGS = YES;
				SWIFT_VERSION = 5.0;
				TARGETED_DEVICE_FAMILY = "1,2";
			};
			name = Release;
		};
		099A38CB2DD1C919007562AD /* Debug */ = {
			isa = XCBuildConfiguration;
			buildSettings = {
				ALWAYS_SEARCH_USER_PATHS = NO;
				ASSETCATALOG_COMPILER_GENERATE_SWIFT_ASSET_SYMBOL_EXTENSIONS = YES;
				CLANG_ANALYZER_NONNULL = YES;
				CLANG_ANALYZER_NUMBER_OBJECT_CONVERSION = YES_AGGRESSIVE;
				CLANG_CXX_LANGUAGE_STANDARD = "gnu++20";
				CLANG_ENABLE_MODULES = YES;
				CLANG_ENABLE_OBJC_ARC = YES;
				CLANG_ENABLE_OBJC_WEAK = YES;
				CLANG_WARN_BLOCK_CAPTURE_AUTORELEASING = YES;
				CLANG_WARN_BOOL_CONVERSION = YES;
				CLANG_WARN_COMMA = YES;
				CLANG_WARN_CONSTANT_CONVERSION = YES;
				CLANG_WARN_DEPRECATED_OBJC_IMPLEMENTATIONS = YES;
				CLANG_WARN_DIRECT_OBJC_ISA_USAGE = YES_ERROR;
				CLANG_WARN_DOCUMENTATION_COMMENTS = YES;
				CLANG_WARN_EMPTY_BODY = YES;
				CLANG_WARN_ENUM_CONVERSION = YES;
				CLANG_WARN_INFINITE_RECURSION = YES;
				CLANG_WARN_INT_CONVERSION = YES;
				CLANG_WARN_NON_LITERAL_NULL_CONVERSION = YES;
				CLANG_WARN_OBJC_IMPLICIT_RETAIN_SELF = YES;
				CLANG_WARN_OBJC_LITERAL_CONVERSION = YES;
				CLANG_WARN_OBJC_ROOT_CLASS = YES_ERROR;
				CLANG_WARN_QUOTED_INCLUDE_IN_FRAMEWORK_HEADER = YES;
				CLANG_WARN_RANGE_LOOP_ANALYSIS = YES;
				CLANG_WARN_STRICT_PROTOTYPES = YES;
				CLANG_WARN_SUSPICIOUS_MOVE = YES;
				CLANG_WARN_UNGUARDED_AVAILABILITY = YES_AGGRESSIVE;
				CLANG_WARN_UNREACHABLE_CODE = YES;
				CLANG_WARN__DUPLICATE_METHOD_MATCH = YES;
				COPY_PHASE_STRIP = NO;
				DEBUG_INFORMATION_FORMAT = dwarf;
				ENABLE_STRICT_OBJC_MSGSEND = YES;
				ENABLE_TESTABILITY = YES;
				ENABLE_USER_SCRIPT_SANDBOXING = YES;
				GCC_C_LANGUAGE_STANDARD = gnu17;
				GCC_DYNAMIC_NO_PIC = NO;
				GCC_NO_COMMON_BLOCKS = YES;
				GCC_OPTIMIZATION_LEVEL = 0;
				GCC_PREPROCESSOR_DEFINITIONS = (
					"DEBUG=1",
					"$(inherited)",
				);
				GCC_WARN_64_TO_32_BIT_CONVERSION = YES;
				GCC_WARN_ABOUT_RETURN_TYPE = YES_ERROR;
				GCC_WARN_UNDECLARED_SELECTOR = YES;
				GCC_WARN_UNINITIALIZED_AUTOS = YES_AGGRESSIVE;
				GCC_WARN_UNUSED_FUNCTION = YES;
				GCC_WARN_UNUSED_VARIABLE = YES;
				IPHONEOS_DEPLOYMENT_TARGET = 18.1;
				LOCALIZATION_PREFERS_STRING_CATALOGS = YES;
				MTL_ENABLE_DEBUG_INFO = INCLUDE_SOURCE;
				MTL_FAST_MATH = YES;
				ONLY_ACTIVE_ARCH = YES;
				SDKROOT = iphoneos;
				SWIFT_ACTIVE_COMPILATION_CONDITIONS = "DEBUG $(inherited)";
				SWIFT_OPTIMIZATION_LEVEL = "-Onone";
			};
			name = Debug;
		};
		099A38CC2DD1C919007562AD /* Release */ = {
			isa = XCBuildConfiguration;
			buildSettings = {
				ALWAYS_SEARCH_USER_PATHS = NO;
				ASSETCATALOG_COMPILER_GENERATE_SWIFT_ASSET_SYMBOL_EXTENSIONS = YES;
				CLANG_ANALYZER_NONNULL = YES;
				CLANG_ANALYZER_NUMBER_OBJECT_CONVERSION = YES_AGGRESSIVE;
				CLANG_CXX_LANGUAGE_STANDARD = "gnu++20";
				CLANG_ENABLE_MODULES = YES;
				CLANG_ENABLE_OBJC_ARC = YES;
				CLANG_ENABLE_OBJC_WEAK = YES;
				CLANG_WARN_BLOCK_CAPTURE_AUTORELEASING = YES;
				CLANG_WARN_BOOL_CONVERSION = YES;
				CLANG_WARN_COMMA = YES;
				CLANG_WARN_CONSTANT_CONVERSION = YES;
				CLANG_WARN_DEPRECATED_OBJC_IMPLEMENTATIONS = YES;
				CLANG_WARN_DIRECT_OBJC_ISA_USAGE = YES_ERROR;
				CLANG_WARN_DOCUMENTATION_COMMENTS = YES;
				CLANG_WARN_EMPTY_BODY = YES;
				CLANG_WARN_ENUM_CONVERSION = YES;
				CLANG_WARN_INFINITE_RECURSION = YES;
				CLANG_WARN_INT_CONVERSION = YES;
				CLANG_WARN_NON_LITERAL_NULL_CONVERSION = YES;
				CLANG_WARN_OBJC_IMPLICIT_RETAIN_SELF = YES;
				CLANG_WARN_OBJC_LITERAL_CONVERSION = YES;
				CLANG_WARN_OBJC_ROOT_CLASS = YES_ERROR;
				CLANG_WARN_QUOTED_INCLUDE_IN_FRAMEWORK_HEADER = YES;
				CLANG_WARN_RANGE_LOOP_ANALYSIS = YES;
				CLANG_WARN_STRICT_PROTOTYPES = YES;
				CLANG_WARN_SUSPICIOUS_MOVE = YES;
				CLANG_WARN_UNGUARDED_AVAILABILITY = YES_AGGRESSIVE;
				CLANG_WARN_UNREACHABLE_CODE = YES;
				CLANG_WARN__DUPLICATE_METHOD_MATCH = YES;
				COPY_PHASE_STRIP = NO;
				DEBUG_INFORMATION_FORMAT = "dwarf-with-dsym";
				ENABLE_NS_ASSERTIONS = NO;
				ENABLE_STRICT_OBJC_MSGSEND = YES;
				ENABLE_USER_SCRIPT_SANDBOXING = YES;
				GCC_C_LANGUAGE_STANDARD = gnu17;
				GCC_NO_COMMON_BLOCKS = YES;
				GCC_WARN_64_TO_32_BIT_CONVERSION = YES;
				GCC_WARN_ABOUT_RETURN_TYPE = YES_ERROR;
				GCC_WARN_UNDECLARED_SELECTOR = YES;
				GCC_WARN_UNINITIALIZED_AUTOS = YES_AGGRESSIVE;
				GCC_WARN_UNUSED_FUNCTION = YES;
				GCC_WARN_UNUSED_VARIABLE = YES;
				IPHONEOS_DEPLOYMENT_TARGET = 18.1;
				LOCALIZATION_PREFERS_STRING_CATALOGS = YES;
				MTL_ENABLE_DEBUG_INFO = NO;
				MTL_FAST_MATH = YES;
				SDKROOT = iphoneos;
				SWIFT_COMPILATION_MODE = wholemodule;
				VALIDATE_PRODUCT = YES;
			};
			name = Release;
		};
		099A38DE2DD1C9CB007562AD /* Debug */ = {
			isa = XCBuildConfiguration;
			buildSettings = {
				CODE_SIGN_ENTITLEMENTS = SaleinMotionIntent/SaleinMotionIntent.entitlements;
				CODE_SIGN_STYLE = Automatic;
				CURRENT_PROJECT_VERSION = 1;
				DEVELOPMENT_TEAM = PSZC886TA5;
				GENERATE_INFOPLIST_FILE = YES;
				INFOPLIST_FILE = SaleinMotionIntent/Info.plist;
				INFOPLIST_KEY_CFBundleDisplayName = SaleinMotionIntent;
				INFOPLIST_KEY_NSHumanReadableCopyright = "";
				LD_RUNPATH_SEARCH_PATHS = (
					"$(inherited)",
					"@executable_path/Frameworks",
					"@executable_path/../../Frameworks",
				);
				MARKETING_VERSION = 1.0;
				PRODUCT_BUNDLE_IDENTIFIER = "com.genetum.xrun.Sales-in-Motion.SaleinMotionIntent";
				PRODUCT_NAME = "$(TARGET_NAME)";
				SKIP_INSTALL = YES;
				SWIFT_EMIT_LOC_STRINGS = YES;
				SWIFT_VERSION = 5.0;
				TARGETED_DEVICE_FAMILY = "1,2";
			};
			name = Debug;
		};
		099A38DF2DD1C9CB007562AD /* Release */ = {
			isa = XCBuildConfiguration;
			buildSettings = {
				CODE_SIGN_ENTITLEMENTS = SaleinMotionIntent/SaleinMotionIntent.entitlements;
				CODE_SIGN_STYLE = Automatic;
				CURRENT_PROJECT_VERSION = 1;
				DEVELOPMENT_TEAM = PSZC886TA5;
				GENERATE_INFOPLIST_FILE = YES;
				INFOPLIST_FILE = SaleinMotionIntent/Info.plist;
				INFOPLIST_KEY_CFBundleDisplayName = SaleinMotionIntent;
				INFOPLIST_KEY_NSHumanReadableCopyright = "";
				LD_RUNPATH_SEARCH_PATHS = (
					"$(inherited)",
					"@executable_path/Frameworks",
					"@executable_path/../../Frameworks",
				);
				MARKETING_VERSION = 1.0;
				PRODUCT_BUNDLE_IDENTIFIER = "com.genetum.xrun.Sales-in-Motion.SaleinMotionIntent";
				PRODUCT_NAME = "$(TARGET_NAME)";
				SKIP_INSTALL = YES;
				SWIFT_EMIT_LOC_STRINGS = YES;
				SWIFT_VERSION = 5.0;
				TARGETED_DEVICE_FAMILY = "1,2";
			};
			name = Release;
		};
/* End XCBuildConfiguration section */

/* Begin XCConfigurationList section */
		099A38B02DD1C917007562AD /* Build configuration list for PBXProject "Sales in Motion" */ = {
			isa = XCConfigurationList;
			buildConfigurations = (
				099A38CB2DD1C919007562AD /* Debug */,
				099A38CC2DD1C919007562AD /* Release */,
			);
			defaultConfigurationIsVisible = 0;
			defaultConfigurationName = Release;
		};
		099A38C82DD1C919007562AD /* Build configuration list for PBXNativeTarget "Sales in Motion" */ = {
			isa = XCConfigurationList;
			buildConfigurations = (
				099A38C92DD1C919007562AD /* Debug */,
				099A38CA2DD1C919007562AD /* Release */,
			);
			defaultConfigurationIsVisible = 0;
			defaultConfigurationName = Release;
		};
		099A38DD2DD1C9CB007562AD /* Build configuration list for PBXNativeTarget "SaleinMotionIntent" */ = {
			isa = XCConfigurationList;
			buildConfigurations = (
				099A38DE2DD1C9CB007562AD /* Debug */,
				099A38DF2DD1C9CB007562AD /* Release */,
			);
			defaultConfigurationIsVisible = 0;
			defaultConfigurationName = Release;
		};
/* End XCConfigurationList section */
	};
	rootObject = 099A38AD2DD1C917007562AD /* Project object */;
}
